
Microsoft Visual Studio Solution File, Format Version 12.00
# Visual Studio Version 17
VisualStudioVersion = 17.12.35707.178
MinimumVisualStudioVersion = 10.0.40219.1
Project("{FAE04EC0-301F-11D3-BF4B-00C04F79EFBC}") = "JEX.Assessment.API", "JEX.Assessment.API\JEX.Assessment.API.csproj", "{8B31037E-8529-4B82-9543-AC8F63D4CE74}"
EndProject
Project("{FAE04EC0-301F-11D3-BF4B-00C04F79EFBC}") = "JEX.Assessment.Data", "JEX.Assessment.Data\JEX.Assessment.Data.csproj", "{08E803D2-84F9-40BF-BE10-3DF668B706D4}"
EndProject
Project("{FAE04EC0-301F-11D3-BF4B-00C04F79EFBC}") = "JEX.Assessment.Logic", "JEX.Assessment.Logic\JEX.Assessment.Logic.csproj", "{020C85BC-E458-445C-BBB4-74681750489C}"
EndProject
Project("{2150E333-8FDC-42A3-9474-1A3956D46DE8}") = "Solution Items", "Solution Items", "{D3EAC020-980F-4158-8929-A099EF2400BC}"
	ProjectSection(SolutionItems) = preProject
		.editorconfig = .editorconfig
	EndProjectSection
EndProject
Global
	GlobalSection(SolutionConfigurationPlatforms) = preSolution
		Debug|Any CPU = Debug|Any CPU
		Release|Any CPU = Release|Any CPU
	EndGlobalSection
	GlobalSection(ProjectConfigurationPlatforms) = postSolution
		{8B31037E-8529-4B82-9543-AC8F63D4CE74}.Debug|Any CPU.ActiveCfg = Debug|Any CPU
		{8B31037E-8529-4B82-9543-AC8F63D4CE74}.Debug|Any CPU.Build.0 = Debug|Any CPU
		{8B31037E-8529-4B82-9543-AC8F63D4CE74}.Release|Any CPU.ActiveCfg = Release|Any CPU
		{8B31037E-8529-4B82-9543-AC8F63D4CE74}.Release|Any CPU.Build.0 = Release|Any CPU
		{08E803D2-84F9-40BF-BE10-3DF668B706D4}.Debug|Any CPU.ActiveCfg = Debug|Any CPU
		{08E803D2-84F9-40BF-BE10-3DF668B706D4}.Debug|Any CPU.Build.0 = Debug|Any CPU
		{08E803D2-84F9-40BF-BE10-3DF668B706D4}.Release|Any CPU.ActiveCfg = Release|Any CPU
		{08E803D2-84F9-40BF-BE10-3DF668B706D4}.Release|Any CPU.Build.0 = Release|Any CPU
		{020C85BC-E458-445C-BBB4-74681750489C}.Debug|Any CPU.ActiveCfg = Debug|Any CPU
		{020C85BC-E458-445C-BBB4-74681750489C}.Debug|Any CPU.Build.0 = Debug|Any CPU
		{020C85BC-E458-445C-BBB4-74681750489C}.Release|Any CPU.ActiveCfg = Release|Any CPU
		{020C85BC-E458-445C-BBB4-74681750489C}.Release|Any CPU.Build.0 = Release|Any CPU
	EndGlobalSection
	GlobalSection(SolutionProperties) = preSolution
		HideSolutionNode = FALSE
	EndGlobalSection
EndGlobal
